
Microsoft Visual Studio Solution File, Format Version 11.00
# Visual Studio 2010
Project("{8BC9CEB8-8B4A-11D0-8D11-00A0C91BC942}") = "Mul3and5", "Mul3and5\Mul3and5.vcxproj", "{65F00B2B-C645-4EA2-AF29-EAA108582FE1}"
EndProject
Project("{8BC9CEB8-8B4A-11D0-8D11-00A0C91BC942}") = "EvenFibonacciNumbers", "EvenFibonacciNumbers\EvenFibonacciNumbers.vcxproj", "{4D2597A1-C44F-44A6-8828-4DBEE6C1B72D}"
EndProject
Project("{8BC9CEB8-8B4A-11D0-8D11-00A0C91BC942}") = "LargestPrimeFactor", "LargestPrimeFactor\LargestPrimeFactor.vcxproj", "{052D3D3F-4A27-412D-B21D-951DFC29ADE9}"
EndProject
Project("{8BC9CEB8-8B4A-11D0-8D11-00A0C91BC942}") = "LargestPalindromeProduct", "LargestPalindromeProduct\LargestPalindromeProduct.vcxproj", "{B65D4EF5-CB17-4522-86E7-407B3F104F8F}"
EndProject
Project("{8BC9CEB8-8B4A-11D0-8D11-00A0C91BC942}") = "SmallestMultiple", "SmallestMultiple\SmallestMultiple.vcxproj", "{E7A79604-8181-4EB3-9674-D3923E969AAB}"
EndProject
Global
	GlobalSection(SolutionConfigurationPlatforms) = preSolution
		Debug|Win32 = Debug|Win32
		Release|Win32 = Release|Win32
	EndGlobalSection
	GlobalSection(ProjectConfigurationPlatforms) = postSolution
		{65F00B2B-C645-4EA2-AF29-EAA108582FE1}.Debug|Win32.ActiveCfg = Debug|Win32
		{65F00B2B-C645-4EA2-AF29-EAA108582FE1}.Debug|Win32.Build.0 = Debug|Win32
		{65F00B2B-C645-4EA2-AF29-EAA108582FE1}.Release|Win32.ActiveCfg = Release|Win32
		{65F00B2B-C645-4EA2-AF29-EAA108582FE1}.Release|Win32.Build.0 = Release|Win32
		{4D2597A1-C44F-44A6-8828-4DBEE6C1B72D}.Debug|Win32.ActiveCfg = Debug|Win32
		{4D2597A1-C44F-44A6-8828-4DBEE6C1B72D}.Debug|Win32.Build.0 = Debug|Win32
		{4D2597A1-C44F-44A6-8828-4DBEE6C1B72D}.Release|Win32.ActiveCfg = Release|Win32
		{4D2597A1-C44F-44A6-8828-4DBEE6C1B72D}.Release|Win32.Build.0 = Release|Win32
		{052D3D3F-4A27-412D-B21D-951DFC29ADE9}.Debug|Win32.ActiveCfg = Debug|Win32
		{052D3D3F-4A27-412D-B21D-951DFC29ADE9}.Debug|Win32.Build.0 = Debug|Win32
		{052D3D3F-4A27-412D-B21D-951DFC29ADE9}.Release|Win32.ActiveCfg = Release|Win32
		{052D3D3F-4A27-412D-B21D-951DFC29ADE9}.Release|Win32.Build.0 = Release|Win32
		{B65D4EF5-CB17-4522-86E7-407B3F104F8F}.Debug|Win32.ActiveCfg = Debug|Win32
		{B65D4EF5-CB17-4522-86E7-407B3F104F8F}.Debug|Win32.Build.0 = Debug|Win32
		{B65D4EF5-CB17-4522-86E7-407B3F104F8F}.Release|Win32.ActiveCfg = Release|Win32
		{B65D4EF5-CB17-4522-86E7-407B3F104F8F}.Release|Win32.Build.0 = Release|Win32
		{E7A79604-8181-4EB3-9674-D3923E969AAB}.Debug|Win32.ActiveCfg = Debug|Win32
		{E7A79604-8181-4EB3-9674-D3923E969AAB}.Debug|Win32.Build.0 = Debug|Win32
		{E7A79604-8181-4EB3-9674-D3923E969AAB}.Release|Win32.ActiveCfg = Release|Win32
		{E7A79604-8181-4EB3-9674-D3923E969AAB}.Release|Win32.Build.0 = Release|Win32
	EndGlobalSection
	GlobalSection(SolutionProperties) = preSolution
		HideSolutionNode = FALSE
	EndGlobalSection
EndGlobal
